# This file was autogenerated by Stack.
# You should not edit this file by hand.
# For more information, please see the documentation at:
#   https://docs.haskellstack.org/en/stable/lock_files

packages:
- completed:
    hackage: normaldistribution-1.1.0.3@sha256:2615b784c4112cbf6ffa0e2b55b76790290a9b9dff18a05d8c89aa374b213477,2160
    pantry-tree:
      size: 269
      sha256: 856818862d12df8b030fa9cfef2c4ffa604d06f0eb057498db245dfffcd60e3c
  original:
    hackage: normaldistribution-1.1.0.3
- completed:
    cabal-file:
      size: 4407
      sha256: 163e810c7814886da888fd3b51508078c97a6d35acae5adab64202c0b89d809b
    name: forsyde-atom
    version: 0.2.2.2
    git: git@github.com:forsyde/forsyde-atom.git
    pantry-tree:
      size: 4337
      sha256: 263b358aaa92a0d245bcf151142968ee20ba24d4ea9e5a404d1144903ef6a34d
    commit: 76b0c8b07047180cdef2a58c696e5245e7db3ce3
  original:
    git: git@github.com:forsyde/forsyde-atom.git
    commit: 76b0c8b07047180cdef2a58c696e5245e7db3ce3
snapshots:
- completed:
    size: 525493
    url: https://raw.githubusercontent.com/commercialhaskell/stackage-snapshots/master/lts/11/13.yaml
    sha256: 3ff9a02d995443604a515624f8ae5bc3ba492c89b977000d7b3fbaf91889b224
  original: lts-11.13
