# This file was autogenerated by Stack.
# You should not edit this file by hand.
# For more information, please see the documentation at:
#   https://docs.haskellstack.org/en/stable/lock_files

packages:
- completed:
    hackage: numbers-3000.2.0.2@sha256:fedb235e16f19ffb5dc40711738c29e231fae4ad608473880a1f59ba5f60829e,1757
    pantry-tree:
      size: 845
      sha256: 8b21054c6431e81d0cb58611caabc07feac8ef40854e5f72b553edddb72cee43
  original:
    hackage: numbers-3000.2.0.2
- completed:
    cabal-file:
      size: 4407
      sha256: 163e810c7814886da888fd3b51508078c97a6d35acae5adab64202c0b89d809b
    name: forsyde-atom
    version: 0.2.2.2
    git: git@github.com:forsyde/forsyde-atom.git
    pantry-tree:
      size: 4337
      sha256: 263b358aaa92a0d245bcf151142968ee20ba24d4ea9e5a404d1144903ef6a34d
    commit: 76b0c8b07047180cdef2a58c696e5245e7db3ce3
  original:
    git: git@github.com:forsyde/forsyde-atom.git
    commit: 76b0c8b07047180cdef2a58c696e5245e7db3ce3
snapshots:
- completed:
    size: 527836
    url: https://raw.githubusercontent.com/commercialhaskell/stackage-snapshots/master/lts/11/22.yaml
    sha256: 341870ac98d8a9f8f77c4adf2e9e0b22063e264a7fbeb4c85b7af5f380dac60e
  original: lts-11.22
