# This file was autogenerated by Stack.
# You should not edit this file by hand.
# For more information, please see the documentation at:
#   https://docs.haskellstack.org/en/stable/lock_files

packages:
- completed:
    hackage: parameterized-data-0.1.6@sha256:38b40b4a12fc7c4a37c6f7bf6976adba16601c6dc6cc27731d42988f6db38b31,1508
    pantry-tree:
      size: 330
      sha256: 6fb50a94596e5e2fd723844f1df84bb429370d29ef359448791db4edf3f43b75
  original:
    hackage: parameterized-data-0.1.6
- completed:
    hackage: type-level-0.3.0@sha256:582b33e72c8e9f40df856eb2fb5c695a40dbd98571daaaff453c51dd31e87017,2499
    pantry-tree:
      size: 759
      sha256: 5877101c53cedf7b33ae073ada51e4b9efe7e428d934671f00c1d83e1b9e88ce
  original:
    hackage: type-level-0.3.0
- completed:
    hackage: QuickCheck-2.10.1@sha256:3a136430e9e0541355d6c0962111c87e139895af2d4f031a8023b494f77c5032,5485
    pantry-tree:
      size: 1862
      sha256: f6ceb792b64ddcea9283dbaebbba3e0519e1ab982b32487be37634b02faa633c
  original:
    hackage: QuickCheck-2.10.1
- completed:
    hackage: type-level-natural-number-2.0@sha256:d9b757b3244edf511296007cbea1c16d5861f8ba6d131603361d313d4d73ed3c,2554
    pantry-tree:
      size: 236
      sha256: 013f38bbcd470e0319f605c3c053da0f3459b5df43e05b09b2710b694e319301
  original:
    hackage: type-level-natural-number-2.0
- completed:
    cabal-file:
      size: 4407
      sha256: 163e810c7814886da888fd3b51508078c97a6d35acae5adab64202c0b89d809b
    name: forsyde-atom
    version: 0.2.2.2
    git: git@github.com:forsyde/forsyde-atom.git
    pantry-tree:
      size: 4337
      sha256: 263b358aaa92a0d245bcf151142968ee20ba24d4ea9e5a404d1144903ef6a34d
    commit: 76b0c8b07047180cdef2a58c696e5245e7db3ce3
  original:
    git: git@github.com:forsyde/forsyde-atom.git
    commit: 76b0c8b07047180cdef2a58c696e5245e7db3ce3
- completed:
    cabal-file:
      size: 6781
      sha256: 7298e69fbecdc785ce2b8f911caa01c7b59054b5031e404a4cfc2b60fa0bc3b5
    name: forsyde-deep
    version: 0.2.1
    git: git@github.com:ugeorge/forsyde-deep.git
    pantry-tree:
      size: 9093
      sha256: 8e74c63b7f5f6da610475e32d67b9e8c69838400f7c956baf28dbcc22e64d88a
    commit: 482a972e3f99c627c01181c071bc2d0c91591878
  original:
    git: git@github.com:ugeorge/forsyde-deep.git
    commit: 482a972e3f99c627c01181c071bc2d0c91591878
snapshots:
- completed:
    size: 535257
    url: https://raw.githubusercontent.com/commercialhaskell/stackage-snapshots/master/lts/9/4.yaml
    sha256: 048de90695ce310738dca946a533c04372af64ea9db2e20fea7d8a9e28cfeb23
  original: lts-9.4
